
Microsoft Visual Studio Solution File, Format Version 12.00
# Visual Studio Version 17
VisualStudioVersion = 17.5.33414.496
MinimumVisualStudioVersion = 10.0.40219.1
Project("{FAE04EC0-301F-11D3-BF4B-00C04F79EFBC}") = "FavCtitiesAPI", "FavCtitiesAPI\FavCtitiesAPI.csproj", "{1DD33F1D-1588-4BEB-BBAC-3FE27D1B69DA}"
EndProject
Global
	GlobalSection(SolutionConfigurationPlatforms) = preSolution
		Debug|Any CPU = Debug|Any CPU
		Release|Any CPU = Release|Any CPU
	EndGlobalSection
	GlobalSection(ProjectConfigurationPlatforms) = postSolution
		{1DD33F1D-1588-4BEB-BBAC-3FE27D1B69DA}.Debug|Any CPU.ActiveCfg = Debug|Any CPU
		{1DD33F1D-1588-4BEB-BBAC-3FE27D1B69DA}.Debug|Any CPU.Build.0 = Debug|Any CPU
		{1DD33F1D-1588-4BEB-BBAC-3FE27D1B69DA}.Release|Any CPU.ActiveCfg = Release|Any CPU
		{1DD33F1D-1588-4BEB-BBAC-3FE27D1B69DA}.Release|Any CPU.Build.0 = Release|Any CPU
	EndGlobalSection
	GlobalSection(SolutionProperties) = preSolution
		HideSolutionNode = FALSE
	EndGlobalSection
	GlobalSection(ExtensibilityGlobals) = postSolution
		SolutionGuid = {92D90657-6A84-432C-8968-B365C1ABE2B4}
	EndGlobalSection
EndGlobal
